
Microsoft Visual Studio Solution File, Format Version 12.00
Project("{FAE04EC0-301F-11D3-BF4B-00C04F79EFBC}") = "MiniESS.Core", "MiniESS.Core\MiniESS.Core.csproj", "{8D4D12AF-0A99-45FA-B293-3D707142C91B}"
EndProject
Project("{2150E333-8FDC-42A3-9474-1A3956D46DE8}") = "MiniESS", "MiniESS", "{5AA4EA61-B9D7-4F8C-9899-C4B6E68A965B}"
EndProject
Project("{2150E333-8FDC-42A3-9474-1A3956D46DE8}") = "MiniESS.Example", "MiniESS.Example", "{FF3A46BF-87A8-4BC8-8231-722E5982FE2A}"
EndProject
Project("{FAE04EC0-301F-11D3-BF4B-00C04F79EFBC}") = "MiniESS.Tests", "MiniESS.Tests\MiniESS.Tests.csproj", "{CA16EE1A-3BDD-49A1-AFAF-89C93B564860}"
EndProject
Project("{FAE04EC0-301F-11D3-BF4B-00C04F79EFBC}") = "MiniESS.Todo", "MiniESS.Todo\MiniESS.Todo.csproj", "{A44EEBED-5971-47C9-A4DB-6D6FAF4E077B}"
EndProject
Project("{FAE04EC0-301F-11D3-BF4B-00C04F79EFBC}") = "MiniESS.Todo.Tests", "MiniESS.Todo.Tests\MiniESS.Todo.Tests.csproj", "{5559F6B5-0BD3-4232-B466-3CE73F7413EB}"
EndProject
Project("{FAE04EC0-301F-11D3-BF4B-00C04F79EFBC}") = "MiniESS.Infrastructure", "MiniESS.Infrastructure\MiniESS.Infrastructure.csproj", "{A8B96FDA-D4C8-4755-97E7-674142868BE7}"
EndProject
Global
	GlobalSection(SolutionConfigurationPlatforms) = preSolution
		Debug|Any CPU = Debug|Any CPU
		Release|Any CPU = Release|Any CPU
	EndGlobalSection
	GlobalSection(ProjectConfigurationPlatforms) = postSolution
		{8D4D12AF-0A99-45FA-B293-3D707142C91B}.Debug|Any CPU.ActiveCfg = Debug|Any CPU
		{8D4D12AF-0A99-45FA-B293-3D707142C91B}.Debug|Any CPU.Build.0 = Debug|Any CPU
		{8D4D12AF-0A99-45FA-B293-3D707142C91B}.Release|Any CPU.ActiveCfg = Release|Any CPU
		{8D4D12AF-0A99-45FA-B293-3D707142C91B}.Release|Any CPU.Build.0 = Release|Any CPU
		{CA16EE1A-3BDD-49A1-AFAF-89C93B564860}.Debug|Any CPU.ActiveCfg = Debug|Any CPU
		{CA16EE1A-3BDD-49A1-AFAF-89C93B564860}.Debug|Any CPU.Build.0 = Debug|Any CPU
		{CA16EE1A-3BDD-49A1-AFAF-89C93B564860}.Release|Any CPU.ActiveCfg = Release|Any CPU
		{CA16EE1A-3BDD-49A1-AFAF-89C93B564860}.Release|Any CPU.Build.0 = Release|Any CPU
		{A44EEBED-5971-47C9-A4DB-6D6FAF4E077B}.Debug|Any CPU.ActiveCfg = Debug|Any CPU
		{A44EEBED-5971-47C9-A4DB-6D6FAF4E077B}.Debug|Any CPU.Build.0 = Debug|Any CPU
		{A44EEBED-5971-47C9-A4DB-6D6FAF4E077B}.Release|Any CPU.ActiveCfg = Release|Any CPU
		{A44EEBED-5971-47C9-A4DB-6D6FAF4E077B}.Release|Any CPU.Build.0 = Release|Any CPU
		{5559F6B5-0BD3-4232-B466-3CE73F7413EB}.Debug|Any CPU.ActiveCfg = Debug|Any CPU
		{5559F6B5-0BD3-4232-B466-3CE73F7413EB}.Debug|Any CPU.Build.0 = Debug|Any CPU
		{5559F6B5-0BD3-4232-B466-3CE73F7413EB}.Release|Any CPU.ActiveCfg = Release|Any CPU
		{5559F6B5-0BD3-4232-B466-3CE73F7413EB}.Release|Any CPU.Build.0 = Release|Any CPU
		{A8B96FDA-D4C8-4755-97E7-674142868BE7}.Debug|Any CPU.ActiveCfg = Debug|Any CPU
		{A8B96FDA-D4C8-4755-97E7-674142868BE7}.Debug|Any CPU.Build.0 = Debug|Any CPU
		{A8B96FDA-D4C8-4755-97E7-674142868BE7}.Release|Any CPU.ActiveCfg = Release|Any CPU
		{A8B96FDA-D4C8-4755-97E7-674142868BE7}.Release|Any CPU.Build.0 = Release|Any CPU
	EndGlobalSection
	GlobalSection(NestedProjects) = preSolution
		{8D4D12AF-0A99-45FA-B293-3D707142C91B} = {5AA4EA61-B9D7-4F8C-9899-C4B6E68A965B}
		{CA16EE1A-3BDD-49A1-AFAF-89C93B564860} = {5AA4EA61-B9D7-4F8C-9899-C4B6E68A965B}
		{A44EEBED-5971-47C9-A4DB-6D6FAF4E077B} = {FF3A46BF-87A8-4BC8-8231-722E5982FE2A}
		{5559F6B5-0BD3-4232-B466-3CE73F7413EB} = {FF3A46BF-87A8-4BC8-8231-722E5982FE2A}
		{A8B96FDA-D4C8-4755-97E7-674142868BE7} = {5AA4EA61-B9D7-4F8C-9899-C4B6E68A965B}
	EndGlobalSection
EndGlobal
