
Microsoft Visual Studio Solution File, Format Version 12.00
Project("{FAE04EC0-301F-11D3-BF4B-00C04F79EFBC}") = "MiniESS.Core", "MiniESS.Core\MiniESS.Core.csproj", "{8D4D12AF-0A99-45FA-B293-3D707142C91B}"
EndProject
Project("{FAE04EC0-301F-11D3-BF4B-00C04F79EFBC}") = "MiniESS.Core.Tests", "MiniESS.Core.Tests\MiniESS.Core.Tests.csproj", "{031381C7-F5A7-4325-B491-906370285A7F}"
EndProject
Project("{2150E333-8FDC-42A3-9474-1A3956D46DE8}") = "MiniESS", "MiniESS", "{5AA4EA61-B9D7-4F8C-9899-C4B6E68A965B}"
EndProject
Project("{2150E333-8FDC-42A3-9474-1A3956D46DE8}") = "MiniESS.Example", "MiniESS.Example", "{FF3A46BF-87A8-4BC8-8231-722E5982FE2A}"
EndProject
Project("{FAE04EC0-301F-11D3-BF4B-00C04F79EFBC}") = "MiniESS.Subscription", "MiniESS.Subscription\MiniESS.Subscription.csproj", "{570CF8F0-00FA-4984-A465-E7CDFC5D6C45}"
EndProject
Project("{FAE04EC0-301F-11D3-BF4B-00C04F79EFBC}") = "MiniESS.Subscription.Tests", "MiniESS.Subscription.Tests\MiniESS.Subscription.Tests.csproj", "{CA16EE1A-3BDD-49A1-AFAF-89C93B564860}"
EndProject
Global
	GlobalSection(SolutionConfigurationPlatforms) = preSolution
		Debug|Any CPU = Debug|Any CPU
		Release|Any CPU = Release|Any CPU
	EndGlobalSection
	GlobalSection(ProjectConfigurationPlatforms) = postSolution
		{8D4D12AF-0A99-45FA-B293-3D707142C91B}.Debug|Any CPU.ActiveCfg = Debug|Any CPU
		{8D4D12AF-0A99-45FA-B293-3D707142C91B}.Debug|Any CPU.Build.0 = Debug|Any CPU
		{8D4D12AF-0A99-45FA-B293-3D707142C91B}.Release|Any CPU.ActiveCfg = Release|Any CPU
		{8D4D12AF-0A99-45FA-B293-3D707142C91B}.Release|Any CPU.Build.0 = Release|Any CPU
		{031381C7-F5A7-4325-B491-906370285A7F}.Debug|Any CPU.ActiveCfg = Debug|Any CPU
		{031381C7-F5A7-4325-B491-906370285A7F}.Debug|Any CPU.Build.0 = Debug|Any CPU
		{031381C7-F5A7-4325-B491-906370285A7F}.Release|Any CPU.ActiveCfg = Release|Any CPU
		{031381C7-F5A7-4325-B491-906370285A7F}.Release|Any CPU.Build.0 = Release|Any CPU
		{570CF8F0-00FA-4984-A465-E7CDFC5D6C45}.Debug|Any CPU.ActiveCfg = Debug|Any CPU
		{570CF8F0-00FA-4984-A465-E7CDFC5D6C45}.Debug|Any CPU.Build.0 = Debug|Any CPU
		{570CF8F0-00FA-4984-A465-E7CDFC5D6C45}.Release|Any CPU.ActiveCfg = Release|Any CPU
		{570CF8F0-00FA-4984-A465-E7CDFC5D6C45}.Release|Any CPU.Build.0 = Release|Any CPU
		{CA16EE1A-3BDD-49A1-AFAF-89C93B564860}.Debug|Any CPU.ActiveCfg = Debug|Any CPU
		{CA16EE1A-3BDD-49A1-AFAF-89C93B564860}.Debug|Any CPU.Build.0 = Debug|Any CPU
		{CA16EE1A-3BDD-49A1-AFAF-89C93B564860}.Release|Any CPU.ActiveCfg = Release|Any CPU
		{CA16EE1A-3BDD-49A1-AFAF-89C93B564860}.Release|Any CPU.Build.0 = Release|Any CPU
	EndGlobalSection
	GlobalSection(NestedProjects) = preSolution
		{8D4D12AF-0A99-45FA-B293-3D707142C91B} = {5AA4EA61-B9D7-4F8C-9899-C4B6E68A965B}
		{031381C7-F5A7-4325-B491-906370285A7F} = {5AA4EA61-B9D7-4F8C-9899-C4B6E68A965B}
		{570CF8F0-00FA-4984-A465-E7CDFC5D6C45} = {5AA4EA61-B9D7-4F8C-9899-C4B6E68A965B}
		{CA16EE1A-3BDD-49A1-AFAF-89C93B564860} = {5AA4EA61-B9D7-4F8C-9899-C4B6E68A965B}
	EndGlobalSection
EndGlobal
